
Microsoft Visual Studio Solution File, Format Version 12.00
# Visual Studio Version 16
VisualStudioVersion = 16.0.31727.386
MinimumVisualStudioVersion = 10.0.40219.1
Project("{FAE04EC0-301F-11D3-BF4B-00C04F79EFBC}") = "WebApp", "WebApp\WebApp.csproj", "{8B06B29E-9D23-4740-A7FB-09594D70E22E}"
EndProject
Global
	GlobalSection(SolutionConfigurationPlatforms) = preSolution
		Debug|Any CPU = Debug|Any CPU
		Release|Any CPU = Release|Any CPU
	EndGlobalSection
	GlobalSection(ProjectConfigurationPlatforms) = postSolution
		{8B06B29E-9D23-4740-A7FB-09594D70E22E}.Debug|Any CPU.ActiveCfg = Debug|Any CPU
		{8B06B29E-9D23-4740-A7FB-09594D70E22E}.Debug|Any CPU.Build.0 = Debug|Any CPU
		{8B06B29E-9D23-4740-A7FB-09594D70E22E}.Release|Any CPU.ActiveCfg = Release|Any CPU
		{8B06B29E-9D23-4740-A7FB-09594D70E22E}.Release|Any CPU.Build.0 = Release|Any CPU
	EndGlobalSection
	GlobalSection(SolutionProperties) = preSolution
		HideSolutionNode = FALSE
	EndGlobalSection
	GlobalSection(ExtensibilityGlobals) = postSolution
		SolutionGuid = {11C4CF22-01AB-4477-A708-9C8E696ADCBE}
	EndGlobalSection
EndGlobal
